// !$*UTF8*$!
{
	archiveVersion = 1;
	classes = {
	};
	objectVersion = 56;
	objects = {

/* Begin PBXBuildFile section */
		F00DEBEF2D1059E90099D9C4 /* MainViewModel.swift in Sources */ = {isa = PBXBuildFile; fileRef = F00DEBEE2D1059E90099D9C4 /* MainViewModel.swift */; };
		F00DEBF12D105B300099D9C4 /* LineTextField.swift in Sources */ = {isa = PBXBuildFile; fileRef = F00DEBF02D105B300099D9C4 /* LineTextField.swift */; };
		F02849A02CFF5CBA00174696 /* RoundButton.swift in Sources */ = {isa = PBXBuildFile; fileRef = F028499F2CFF5CBA00174696 /* RoundButton.swift */; };
		F02849A22CFF5E3A00174696 /* SignInView.swift in Sources */ = {isa = PBXBuildFile; fileRef = F02849A12CFF5E3A00174696 /* SignInView.swift */; };
		F031C1B32CFB4AD900FF164F /* Launch Screen.storyboard in Resources */ = {isa = PBXBuildFile; fileRef = F031C1B22CFB4AD900FF164F /* Launch Screen.storyboard */; };
		F07083822CFB49A4009A17B0 /* WelcomeView.swift in Sources */ = {isa = PBXBuildFile; fileRef = F07083812CFB49A4009A17B0 /* WelcomeView.swift */; };
		F0964BBC2CFF7A1E006B6746 /* CountryPicker in Frameworks */ = {isa = PBXBuildFile; productRef = F0964BBB2CFF7A1E006B6746 /* CountryPicker */; };
		F0964BBE2CFF7A99006B6746 /* CountryPickerUI.swift in Sources */ = {isa = PBXBuildFile; fileRef = F0964BBD2CFF7A99006B6746 /* CountryPickerUI.swift */; };
		F0964BC02CFF8A57006B6746 /* LoginView.swift in Sources */ = {isa = PBXBuildFile; fileRef = F0964BBF2CFF8A57006B6746 /* LoginView.swift */; };
		F0BC42EE2CFB40D0009F6999 /* OnlineGroceriesApp.swift in Sources */ = {isa = PBXBuildFile; fileRef = F0BC42ED2CFB40D0009F6999 /* OnlineGroceriesApp.swift */; };
		F0BC42F22CFB40D1009F6999 /* Assets.xcassets in Resources */ = {isa = PBXBuildFile; fileRef = F0BC42F12CFB40D1009F6999 /* Assets.xcassets */; };
		F0BC42F52CFB40D1009F6999 /* Preview Assets.xcassets in Resources */ = {isa = PBXBuildFile; fileRef = F0BC42F42CFB40D1009F6999 /* Preview Assets.xcassets */; };
		F0BC43002CFB46EA009F6999 /* Inter_28pt-Bold.ttf in Resources */ = {isa = PBXBuildFile; fileRef = F0BC42FC2CFB46E9009F6999 /* Inter_28pt-Bold.ttf */; };
		F0BC43012CFB46EA009F6999 /* Inter_18pt-SemiBold.ttf in Resources */ = {isa = PBXBuildFile; fileRef = F0BC42FD2CFB46E9009F6999 /* Inter_18pt-SemiBold.ttf */; };
		F0BC43022CFB46EA009F6999 /* Inter_24pt-Medium.ttf in Resources */ = {isa = PBXBuildFile; fileRef = F0BC42FE2CFB46EA009F6999 /* Inter_24pt-Medium.ttf */; };
		F0BC43032CFB46EA009F6999 /* Inter_24pt-Regular.ttf in Resources */ = {isa = PBXBuildFile; fileRef = F0BC42FF2CFB46EA009F6999 /* Inter_24pt-Regular.ttf */; };
		F0D54C952CFB4F3300D3E5E9 /* UIExtension.swift in Sources */ = {isa = PBXBuildFile; fileRef = F0D54C942CFB4F3300D3E5E9 /* UIExtension.swift */; };
/* End PBXBuildFile section */

/* Begin PBXFileReference section */
		F00DEBEE2D1059E90099D9C4 /* MainViewModel.swift */ = {isa = PBXFileReference; lastKnownFileType = sourcecode.swift; path = MainViewModel.swift; sourceTree = "<group>"; };
		F00DEBF02D105B300099D9C4 /* LineTextField.swift */ = {isa = PBXFileReference; lastKnownFileType = sourcecode.swift; path = LineTextField.swift; sourceTree = "<group>"; };
		F028499F2CFF5CBA00174696 /* RoundButton.swift */ = {isa = PBXFileReference; lastKnownFileType = sourcecode.swift; path = RoundButton.swift; sourceTree = "<group>"; };
		F02849A12CFF5E3A00174696 /* SignInView.swift */ = {isa = PBXFileReference; lastKnownFileType = sourcecode.swift; path = SignInView.swift; sourceTree = "<group>"; };
		F02849A32CFF6E0600174696 /* Roboto-Medium.ttf */ = {isa = PBXFileReference; lastKnownFileType = file; path = "Roboto-Medium.ttf"; sourceTree = "<group>"; };
		F02849A42CFF6E1600174696 /* Roboto-Bold.ttf */ = {isa = PBXFileReference; lastKnownFileType = file; path = "Roboto-Bold.ttf"; sourceTree = "<group>"; };
		F031C1B22CFB4AD900FF164F /* Launch Screen.storyboard */ = {isa = PBXFileReference; lastKnownFileType = file.storyboard; path = "Launch Screen.storyboard"; sourceTree = "<group>"; };
		F07083812CFB49A4009A17B0 /* WelcomeView.swift */ = {isa = PBXFileReference; lastKnownFileType = sourcecode.swift; path = WelcomeView.swift; sourceTree = "<group>"; };
		F0964BBD2CFF7A99006B6746 /* CountryPickerUI.swift */ = {isa = PBXFileReference; lastKnownFileType = sourcecode.swift; path = CountryPickerUI.swift; sourceTree = "<group>"; };
		F0964BBF2CFF8A57006B6746 /* LoginView.swift */ = {isa = PBXFileReference; lastKnownFileType = sourcecode.swift; path = LoginView.swift; sourceTree = "<group>"; };
		F0BC42EA2CFB40D0009F6999 /* OnlineGroceries.app */ = {isa = PBXFileReference; explicitFileType = wrapper.application; includeInIndex = 0; path = OnlineGroceries.app; sourceTree = BUILT_PRODUCTS_DIR; };
		F0BC42ED2CFB40D0009F6999 /* OnlineGroceriesApp.swift */ = {isa = PBXFileReference; lastKnownFileType = sourcecode.swift; path = OnlineGroceriesApp.swift; sourceTree = "<group>"; };
		F0BC42F12CFB40D1009F6999 /* Assets.xcassets */ = {isa = PBXFileReference; lastKnownFileType = folder.assetcatalog; path = Assets.xcassets; sourceTree = "<group>"; };
		F0BC42F42CFB40D1009F6999 /* Preview Assets.xcassets */ = {isa = PBXFileReference; lastKnownFileType = folder.assetcatalog; path = "Preview Assets.xcassets"; sourceTree = "<group>"; };
		F0BC42FC2CFB46E9009F6999 /* Inter_28pt-Bold.ttf */ = {isa = PBXFileReference; lastKnownFileType = file; path = "Inter_28pt-Bold.ttf"; sourceTree = "<group>"; };
		F0BC42FD2CFB46E9009F6999 /* Inter_18pt-SemiBold.ttf */ = {isa = PBXFileReference; lastKnownFileType = file; path = "Inter_18pt-SemiBold.ttf"; sourceTree = "<group>"; };
		F0BC42FE2CFB46EA009F6999 /* Inter_24pt-Medium.ttf */ = {isa = PBXFileReference; lastKnownFileType = file; path = "Inter_24pt-Medium.ttf"; sourceTree = "<group>"; };
		F0BC42FF2CFB46EA009F6999 /* Inter_24pt-Regular.ttf */ = {isa = PBXFileReference; lastKnownFileType = file; path = "Inter_24pt-Regular.ttf"; sourceTree = "<group>"; };
		F0BC43042CFB4874009F6999 /* Info.plist */ = {isa = PBXFileReference; lastKnownFileType = text.plist; path = Info.plist; sourceTree = "<group>"; };
		F0D54C942CFB4F3300D3E5E9 /* UIExtension.swift */ = {isa = PBXFileReference; lastKnownFileType = sourcecode.swift; path = UIExtension.swift; sourceTree = "<group>"; };
/* End PBXFileReference section */

/* Begin PBXFrameworksBuildPhase section */
		F0BC42E72CFB40D0009F6999 /* Frameworks */ = {
			isa = PBXFrameworksBuildPhase;
			buildActionMask = 2147483647;
			files = (
				F0964BBC2CFF7A1E006B6746 /* CountryPicker in Frameworks */,
			);
			runOnlyForDeploymentPostprocessing = 0;
		};
/* End PBXFrameworksBuildPhase section */

/* Begin PBXGroup section */
		F070837E2CFB492B009A17B0 /* UiCommon */ = {
			isa = PBXGroup;
			children = (
				F0D54C942CFB4F3300D3E5E9 /* UIExtension.swift */,
				F028499F2CFF5CBA00174696 /* RoundButton.swift */,
				F0964BBD2CFF7A99006B6746 /* CountryPickerUI.swift */,
				F00DEBF02D105B300099D9C4 /* LineTextField.swift */,
			);
			path = UiCommon;
			sourceTree = "<group>";
		};
		F07083802CFB498E009A17B0 /* Login */ = {
			isa = PBXGroup;
			children = (
				F07083812CFB49A4009A17B0 /* WelcomeView.swift */,
				F02849A12CFF5E3A00174696 /* SignInView.swift */,
				F0964BBF2CFF8A57006B6746 /* LoginView.swift */,
			);
			path = Login;
			sourceTree = "<group>";
		};
		F07083852CFB4A7D009A17B0 /* Preview Content */ = {
			isa = PBXGroup;
			children = (
				F031C1B22CFB4AD900FF164F /* Launch Screen.storyboard */,
			);
			path = "Preview Content";
			sourceTree = "<group>";
		};
		F0BC42E12CFB40D0009F6999 = {
			isa = PBXGroup;
			children = (
				F0BC42EC2CFB40D0009F6999 /* OnlineGroceries */,
				F07083852CFB4A7D009A17B0 /* Preview Content */,
				F070837E2CFB492B009A17B0 /* UiCommon */,
				F0BC43072CFB4905009F6999 /* ViewModel */,
				F0BC43062CFB48FF009F6999 /* Model */,
				F0BC43052CFB48F9009F6999 /* View */,
				F0BC42EB2CFB40D0009F6999 /* Products */,
			);
			sourceTree = "<group>";
		};
		F0BC42EB2CFB40D0009F6999 /* Products */ = {
			isa = PBXGroup;
			children = (
				F0BC42EA2CFB40D0009F6999 /* OnlineGroceries.app */,
			);
			name = Products;
			sourceTree = "<group>";
		};
		F0BC42EC2CFB40D0009F6999 /* OnlineGroceries */ = {
			isa = PBXGroup;
			children = (
				F0BC43042CFB4874009F6999 /* Info.plist */,
				F0BC42FB2CFB4116009F6999 /* font */,
				F0BC42ED2CFB40D0009F6999 /* OnlineGroceriesApp.swift */,
				F0BC42F12CFB40D1009F6999 /* Assets.xcassets */,
				F0BC42F32CFB40D1009F6999 /* Preview Content */,
			);
			path = OnlineGroceries;
			sourceTree = "<group>";
		};
		F0BC42F32CFB40D1009F6999 /* Preview Content */ = {
			isa = PBXGroup;
			children = (
				F0BC42F42CFB40D1009F6999 /* Preview Assets.xcassets */,
			);
			path = "Preview Content";
			sourceTree = "<group>";
		};
		F0BC42FB2CFB4116009F6999 /* font */ = {
			isa = PBXGroup;
			children = (
				F0BC42FD2CFB46E9009F6999 /* Inter_18pt-SemiBold.ttf */,
				F0BC42FE2CFB46EA009F6999 /* Inter_24pt-Medium.ttf */,
				F02849A32CFF6E0600174696 /* Roboto-Medium.ttf */,
				F0BC42FF2CFB46EA009F6999 /* Inter_24pt-Regular.ttf */,
				F02849A42CFF6E1600174696 /* Roboto-Bold.ttf */,
				F0BC42FC2CFB46E9009F6999 /* Inter_28pt-Bold.ttf */,
			);
			path = font;
			sourceTree = "<group>";
		};
		F0BC43052CFB48F9009F6999 /* View */ = {
			isa = PBXGroup;
			children = (
				F07083802CFB498E009A17B0 /* Login */,
			);
			path = View;
			sourceTree = "<group>";
		};
		F0BC43062CFB48FF009F6999 /* Model */ = {
			isa = PBXGroup;
			children = (
			);
			path = Model;
			sourceTree = "<group>";
		};
		F0BC43072CFB4905009F6999 /* ViewModel */ = {
			isa = PBXGroup;
			children = (
				F00DEBEE2D1059E90099D9C4 /* MainViewModel.swift */,
			);
			path = ViewModel;
			sourceTree = "<group>";
		};
/* End PBXGroup section */

/* Begin PBXNativeTarget section */
		F0BC42E92CFB40D0009F6999 /* OnlineGroceries */ = {
			isa = PBXNativeTarget;
			buildConfigurationList = F0BC42F82CFB40D1009F6999 /* Build configuration list for PBXNativeTarget "OnlineGroceries" */;
			buildPhases = (
				F0BC42E62CFB40D0009F6999 /* Sources */,
				F0BC42E72CFB40D0009F6999 /* Frameworks */,
				F0BC42E82CFB40D0009F6999 /* Resources */,
			);
			buildRules = (
			);
			dependencies = (
			);
			name = OnlineGroceries;
			packageProductDependencies = (
				F0964BBB2CFF7A1E006B6746 /* CountryPicker */,
			);
			productName = OnlineGroceries;
			productReference = F0BC42EA2CFB40D0009F6999 /* OnlineGroceries.app */;
			productType = "com.apple.product-type.application";
		};
/* End PBXNativeTarget section */

/* Begin PBXProject section */
		F0BC42E22CFB40D0009F6999 /* Project object */ = {
			isa = PBXProject;
			attributes = {
				BuildIndependentTargetsInParallel = 1;
				LastSwiftUpdateCheck = 1530;
				LastUpgradeCheck = 1530;
				TargetAttributes = {
					F0BC42E92CFB40D0009F6999 = {
						CreatedOnToolsVersion = 15.3;
					};
				};
			};
			buildConfigurationList = F0BC42E52CFB40D0009F6999 /* Build configuration list for PBXProject "OnlineGroceries" */;
			compatibilityVersion = "Xcode 14.0";
			developmentRegion = en;
			hasScannedForEncodings = 0;
			knownRegions = (
				en,
				Base,
			);
			mainGroup = F0BC42E12CFB40D0009F6999;
			packageReferences = (
				F0964BBA2CFF7A1E006B6746 /* XCRemoteSwiftPackageReference "CountryPicker" */,
			);
			productRefGroup = F0BC42EB2CFB40D0009F6999 /* Products */;
			projectDirPath = "";
			projectRoot = "";
			targets = (
				F0BC42E92CFB40D0009F6999 /* OnlineGroceries */,
			);
		};
/* End PBXProject section */

/* Begin PBXResourcesBuildPhase section */
		F0BC42E82CFB40D0009F6999 /* Resources */ = {
			isa = PBXResourcesBuildPhase;
			buildActionMask = 2147483647;
			files = (
				F0BC43002CFB46EA009F6999 /* Inter_28pt-Bold.ttf in Resources */,
				F0BC43012CFB46EA009F6999 /* Inter_18pt-SemiBold.ttf in Resources */,
				F0BC43032CFB46EA009F6999 /* Inter_24pt-Regular.ttf in Resources */,
				F0BC43022CFB46EA009F6999 /* Inter_24pt-Medium.ttf in Resources */,
				F0BC42F52CFB40D1009F6999 /* Preview Assets.xcassets in Resources */,
				F0BC42F22CFB40D1009F6999 /* Assets.xcassets in Resources */,
				F031C1B32CFB4AD900FF164F /* Launch Screen.storyboard in Resources */,
			);
			runOnlyForDeploymentPostprocessing = 0;
		};
/* End PBXResourcesBuildPhase section */

/* Begin PBXSourcesBuildPhase section */
		F0BC42E62CFB40D0009F6999 /* Sources */ = {
			isa = PBXSourcesBuildPhase;
			buildActionMask = 2147483647;
			files = (
				F0964BBE2CFF7A99006B6746 /* CountryPickerUI.swift in Sources */,
				F00DEBF12D105B300099D9C4 /* LineTextField.swift in Sources */,
				F0964BC02CFF8A57006B6746 /* LoginView.swift in Sources */,
				F02849A02CFF5CBA00174696 /* RoundButton.swift in Sources */,
				F0BC42EE2CFB40D0009F6999 /* OnlineGroceriesApp.swift in Sources */,
				F0D54C952CFB4F3300D3E5E9 /* UIExtension.swift in Sources */,
				F07083822CFB49A4009A17B0 /* WelcomeView.swift in Sources */,
				F02849A22CFF5E3A00174696 /* SignInView.swift in Sources */,
				F00DEBEF2D1059E90099D9C4 /* MainViewModel.swift in Sources */,
			);
			runOnlyForDeploymentPostprocessing = 0;
		};
/* End PBXSourcesBuildPhase section */

/* Begin XCBuildConfiguration section */
		F0BC42F62CFB40D1009F6999 /* Debug */ = {
			isa = XCBuildConfiguration;
			buildSettings = {
				ALWAYS_SEARCH_USER_PATHS = NO;
				ASSETCATALOG_COMPILER_GENERATE_SWIFT_ASSET_SYMBOL_EXTENSIONS = YES;
				CLANG_ANALYZER_NONNULL = YES;
				CLANG_ANALYZER_NUMBER_OBJECT_CONVERSION = YES_AGGRESSIVE;
				CLANG_CXX_LANGUAGE_STANDARD = "gnu++20";
				CLANG_ENABLE_MODULES = YES;
				CLANG_ENABLE_OBJC_ARC = YES;
				CLANG_ENABLE_OBJC_WEAK = YES;
				CLANG_WARN_BLOCK_CAPTURE_AUTORELEASING = YES;
				CLANG_WARN_BOOL_CONVERSION = YES;
				CLANG_WARN_COMMA = YES;
				CLANG_WARN_CONSTANT_CONVERSION = YES;
				CLANG_WARN_DEPRECATED_OBJC_IMPLEMENTATIONS = YES;
				CLANG_WARN_DIRECT_OBJC_ISA_USAGE = YES_ERROR;
				CLANG_WARN_DOCUMENTATION_COMMENTS = YES;
				CLANG_WARN_EMPTY_BODY = YES;
				CLANG_WARN_ENUM_CONVERSION = YES;
				CLANG_WARN_INFINITE_RECURSION = YES;
				CLANG_WARN_INT_CONVERSION = YES;
				CLANG_WARN_NON_LITERAL_NULL_CONVERSION = YES;
				CLANG_WARN_OBJC_IMPLICIT_RETAIN_SELF = YES;
				CLANG_WARN_OBJC_LITERAL_CONVERSION = YES;
				CLANG_WARN_OBJC_ROOT_CLASS = YES_ERROR;
				CLANG_WARN_QUOTED_INCLUDE_IN_FRAMEWORK_HEADER = YES;
				CLANG_WARN_RANGE_LOOP_ANALYSIS = YES;
				CLANG_WARN_STRICT_PROTOTYPES = YES;
				CLANG_WARN_SUSPICIOUS_MOVE = YES;
				CLANG_WARN_UNGUARDED_AVAILABILITY = YES_AGGRESSIVE;
				CLANG_WARN_UNREACHABLE_CODE = YES;
				CLANG_WARN__DUPLICATE_METHOD_MATCH = YES;
				COPY_PHASE_STRIP = NO;
				DEBUG_INFORMATION_FORMAT = dwarf;
				ENABLE_STRICT_OBJC_MSGSEND = YES;
				ENABLE_TESTABILITY = YES;
				ENABLE_USER_SCRIPT_SANDBOXING = YES;
				GCC_C_LANGUAGE_STANDARD = gnu17;
				GCC_DYNAMIC_NO_PIC = NO;
				GCC_NO_COMMON_BLOCKS = YES;
				GCC_OPTIMIZATION_LEVEL = 0;
				GCC_PREPROCESSOR_DEFINITIONS = (
					"DEBUG=1",
					"$(inherited)",
				);
				GCC_WARN_64_TO_32_BIT_CONVERSION = YES;
				GCC_WARN_ABOUT_RETURN_TYPE = YES_ERROR;
				GCC_WARN_UNDECLARED_SELECTOR = YES;
				GCC_WARN_UNINITIALIZED_AUTOS = YES_AGGRESSIVE;
				GCC_WARN_UNUSED_FUNCTION = YES;
				GCC_WARN_UNUSED_VARIABLE = YES;
				IPHONEOS_DEPLOYMENT_TARGET = 17.4;
				LOCALIZATION_PREFERS_STRING_CATALOGS = YES;
				MTL_ENABLE_DEBUG_INFO = INCLUDE_SOURCE;
				MTL_FAST_MATH = YES;
				ONLY_ACTIVE_ARCH = YES;
				SDKROOT = iphoneos;
				SWIFT_ACTIVE_COMPILATION_CONDITIONS = "DEBUG $(inherited)";
				SWIFT_OPTIMIZATION_LEVEL = "-Onone";
			};
			name = Debug;
		};
		F0BC42F72CFB40D1009F6999 /* Release */ = {
			isa = XCBuildConfiguration;
			buildSettings = {
				ALWAYS_SEARCH_USER_PATHS = NO;
				ASSETCATALOG_COMPILER_GENERATE_SWIFT_ASSET_SYMBOL_EXTENSIONS = YES;
				CLANG_ANALYZER_NONNULL = YES;
				CLANG_ANALYZER_NUMBER_OBJECT_CONVERSION = YES_AGGRESSIVE;
				CLANG_CXX_LANGUAGE_STANDARD = "gnu++20";
				CLANG_ENABLE_MODULES = YES;
				CLANG_ENABLE_OBJC_ARC = YES;
				CLANG_ENABLE_OBJC_WEAK = YES;
				CLANG_WARN_BLOCK_CAPTURE_AUTORELEASING = YES;
				CLANG_WARN_BOOL_CONVERSION = YES;
				CLANG_WARN_COMMA = YES;
				CLANG_WARN_CONSTANT_CONVERSION = YES;
				CLANG_WARN_DEPRECATED_OBJC_IMPLEMENTATIONS = YES;
				CLANG_WARN_DIRECT_OBJC_ISA_USAGE = YES_ERROR;
				CLANG_WARN_DOCUMENTATION_COMMENTS = YES;
				CLANG_WARN_EMPTY_BODY = YES;
				CLANG_WARN_ENUM_CONVERSION = YES;
				CLANG_WARN_INFINITE_RECURSION = YES;
				CLANG_WARN_INT_CONVERSION = YES;
				CLANG_WARN_NON_LITERAL_NULL_CONVERSION = YES;
				CLANG_WARN_OBJC_IMPLICIT_RETAIN_SELF = YES;
				CLANG_WARN_OBJC_LITERAL_CONVERSION = YES;
				CLANG_WARN_OBJC_ROOT_CLASS = YES_ERROR;
				CLANG_WARN_QUOTED_INCLUDE_IN_FRAMEWORK_HEADER = YES;
				CLANG_WARN_RANGE_LOOP_ANALYSIS = YES;
				CLANG_WARN_STRICT_PROTOTYPES = YES;
				CLANG_WARN_SUSPICIOUS_MOVE = YES;
				CLANG_WARN_UNGUARDED_AVAILABILITY = YES_AGGRESSIVE;
				CLANG_WARN_UNREACHABLE_CODE = YES;
				CLANG_WARN__DUPLICATE_METHOD_MATCH = YES;
				COPY_PHASE_STRIP = NO;
				DEBUG_INFORMATION_FORMAT = "dwarf-with-dsym";
				ENABLE_NS_ASSERTIONS = NO;
				ENABLE_STRICT_OBJC_MSGSEND = YES;
				ENABLE_USER_SCRIPT_SANDBOXING = YES;
				GCC_C_LANGUAGE_STANDARD = gnu17;
				GCC_NO_COMMON_BLOCKS = YES;
				GCC_WARN_64_TO_32_BIT_CONVERSION = YES;
				GCC_WARN_ABOUT_RETURN_TYPE = YES_ERROR;
				GCC_WARN_UNDECLARED_SELECTOR = YES;
				GCC_WARN_UNINITIALIZED_AUTOS = YES_AGGRESSIVE;
				GCC_WARN_UNUSED_FUNCTION = YES;
				GCC_WARN_UNUSED_VARIABLE = YES;
				IPHONEOS_DEPLOYMENT_TARGET = 17.4;
				LOCALIZATION_PREFERS_STRING_CATALOGS = YES;
				MTL_ENABLE_DEBUG_INFO = NO;
				MTL_FAST_MATH = YES;
				SDKROOT = iphoneos;
				SWIFT_COMPILATION_MODE = wholemodule;
				VALIDATE_PRODUCT = YES;
			};
			name = Release;
		};
		F0BC42F92CFB40D1009F6999 /* Debug */ = {
			isa = XCBuildConfiguration;
			buildSettings = {
				ASSETCATALOG_COMPILER_APPICON_NAME = AppIcon;
				ASSETCATALOG_COMPILER_GLOBAL_ACCENT_COLOR_NAME = AccentColor;
				CODE_SIGN_STYLE = Automatic;
				CURRENT_PROJECT_VERSION = 1;
				DEVELOPMENT_ASSET_PATHS = "\"OnlineGroceries/Preview Content\"";
				ENABLE_PREVIEWS = YES;
				GENERATE_INFOPLIST_FILE = YES;
				INFOPLIST_FILE = OnlineGroceries/Info.plist;
				INFOPLIST_KEY_UIApplicationSceneManifest_Generation = YES;
				INFOPLIST_KEY_UIApplicationSupportsIndirectInputEvents = YES;
				INFOPLIST_KEY_UILaunchScreen_Generation = YES;
				INFOPLIST_KEY_UILaunchStoryboardName = "Launch Screen.storyboard";
				INFOPLIST_KEY_UIStatusBarHidden = YES;
				INFOPLIST_KEY_UISupportedInterfaceOrientations = UIInterfaceOrientationPortrait;
				INFOPLIST_KEY_UISupportedInterfaceOrientations_iPad = "UIInterfaceOrientationLandscapeLeft UIInterfaceOrientationLandscapeRight UIInterfaceOrientationPortrait";
				IPHONEOS_DEPLOYMENT_TARGET = 15.0;
				LD_RUNPATH_SEARCH_PATHS = (
					"$(inherited)",
					"@executable_path/Frameworks",
				);
				MARKETING_VERSION = 1.0;
				PRODUCT_BUNDLE_IDENTIFIER = yildizaydd.OnlineGroceries;
				PRODUCT_NAME = "$(TARGET_NAME)";
				SUPPORTED_PLATFORMS = "iphoneos iphonesimulator";
				SUPPORTS_MACCATALYST = NO;
				SUPPORTS_MAC_DESIGNED_FOR_IPHONE_IPAD = NO;
				SUPPORTS_XR_DESIGNED_FOR_IPHONE_IPAD = NO;
				SWIFT_EMIT_LOC_STRINGS = YES;
				SWIFT_VERSION = 5.0;
				TARGETED_DEVICE_FAMILY = 1;
			};
			name = Debug;
		};
		F0BC42FA2CFB40D1009F6999 /* Release */ = {
			isa = XCBuildConfiguration;
			buildSettings = {
				ASSETCATALOG_COMPILER_APPICON_NAME = AppIcon;
				ASSETCATALOG_COMPILER_GLOBAL_ACCENT_COLOR_NAME = AccentColor;
				CODE_SIGN_STYLE = Automatic;
				CURRENT_PROJECT_VERSION = 1;
				DEVELOPMENT_ASSET_PATHS = "\"OnlineGroceries/Preview Content\"";
				ENABLE_PREVIEWS = YES;
				GENERATE_INFOPLIST_FILE = YES;
				INFOPLIST_FILE = OnlineGroceries/Info.plist;
				INFOPLIST_KEY_UIApplicationSceneManifest_Generation = YES;
				INFOPLIST_KEY_UIApplicationSupportsIndirectInputEvents = YES;
				INFOPLIST_KEY_UILaunchScreen_Generation = YES;
				INFOPLIST_KEY_UILaunchStoryboardName = "Launch Screen.storyboard";
				INFOPLIST_KEY_UIStatusBarHidden = YES;
				INFOPLIST_KEY_UISupportedInterfaceOrientations = UIInterfaceOrientationPortrait;
				INFOPLIST_KEY_UISupportedInterfaceOrientations_iPad = "UIInterfaceOrientationLandscapeLeft UIInterfaceOrientationLandscapeRight UIInterfaceOrientationPortrait";
				IPHONEOS_DEPLOYMENT_TARGET = 15.0;
				LD_RUNPATH_SEARCH_PATHS = (
					"$(inherited)",
					"@executable_path/Frameworks",
				);
				MARKETING_VERSION = 1.0;
				PRODUCT_BUNDLE_IDENTIFIER = yildizaydd.OnlineGroceries;
				PRODUCT_NAME = "$(TARGET_NAME)";
				SUPPORTED_PLATFORMS = "iphoneos iphonesimulator";
				SUPPORTS_MACCATALYST = NO;
				SUPPORTS_MAC_DESIGNED_FOR_IPHONE_IPAD = NO;
				SUPPORTS_XR_DESIGNED_FOR_IPHONE_IPAD = NO;
				SWIFT_EMIT_LOC_STRINGS = YES;
				SWIFT_VERSION = 5.0;
				TARGETED_DEVICE_FAMILY = 1;
			};
			name = Release;
		};
/* End XCBuildConfiguration section */

/* Begin XCConfigurationList section */
		F0BC42E52CFB40D0009F6999 /* Build configuration list for PBXProject "OnlineGroceries" */ = {
			isa = XCConfigurationList;
			buildConfigurations = (
				F0BC42F62CFB40D1009F6999 /* Debug */,
				F0BC42F72CFB40D1009F6999 /* Release */,
			);
			defaultConfigurationIsVisible = 0;
			defaultConfigurationName = Release;
		};
		F0BC42F82CFB40D1009F6999 /* Build configuration list for PBXNativeTarget "OnlineGroceries" */ = {
			isa = XCConfigurationList;
			buildConfigurations = (
				F0BC42F92CFB40D1009F6999 /* Debug */,
				F0BC42FA2CFB40D1009F6999 /* Release */,
			);
			defaultConfigurationIsVisible = 0;
			defaultConfigurationName = Release;
		};
/* End XCConfigurationList section */

/* Begin XCRemoteSwiftPackageReference section */
		F0964BBA2CFF7A1E006B6746 /* XCRemoteSwiftPackageReference "CountryPicker" */ = {
			isa = XCRemoteSwiftPackageReference;
			repositoryURL = "https://github.com/mobven/CountryPicker.git";
			requirement = {
				kind = upToNextMajorVersion;
				minimumVersion = 2.0.3;
			};
		};
/* End XCRemoteSwiftPackageReference section */

/* Begin XCSwiftPackageProductDependency section */
		F0964BBB2CFF7A1E006B6746 /* CountryPicker */ = {
			isa = XCSwiftPackageProductDependency;
			package = F0964BBA2CFF7A1E006B6746 /* XCRemoteSwiftPackageReference "CountryPicker" */;
			productName = CountryPicker;
		};
/* End XCSwiftPackageProductDependency section */
	};
	rootObject = F0BC42E22CFB40D0009F6999 /* Project object */;
}
